
Microsoft Visual Studio Solution File, Format Version 12.00
# Visual Studio 15
VisualStudioVersion = 15.0.26730.12
MinimumVisualStudioVersion = 10.0.40219.1
Project("{FAE04EC0-301F-11D3-BF4B-00C04F79EFBC}") = "HTML5Eg", "HTML5Eg\HTML5Eg.csproj", "{7E2CAD30-5630-4427-8E2F-518DB56A1F6A}"
EndProject
Global
	GlobalSection(SolutionConfigurationPlatforms) = preSolution
		Debug|Any CPU = Debug|Any CPU
		Release|Any CPU = Release|Any CPU
	EndGlobalSection
	GlobalSection(ProjectConfigurationPlatforms) = postSolution
		{7E2CAD30-5630-4427-8E2F-518DB56A1F6A}.Debug|Any CPU.ActiveCfg = Debug|Any CPU
		{7E2CAD30-5630-4427-8E2F-518DB56A1F6A}.Debug|Any CPU.Build.0 = Debug|Any CPU
		{7E2CAD30-5630-4427-8E2F-518DB56A1F6A}.Release|Any CPU.ActiveCfg = Release|Any CPU
		{7E2CAD30-5630-4427-8E2F-518DB56A1F6A}.Release|Any CPU.Build.0 = Release|Any CPU
	EndGlobalSection
	GlobalSection(SolutionProperties) = preSolution
		HideSolutionNode = FALSE
	EndGlobalSection
	GlobalSection(ExtensibilityGlobals) = postSolution
		SolutionGuid = {980FCDFB-754B-454B-A530-C8A473CD18A4}
	EndGlobalSection
EndGlobal
